
Microsoft Visual Studio Solution File, Format Version 12.00
# Visual Studio 15
VisualStudioVersion = 15.0.27130.2020
MinimumVisualStudioVersion = 10.0.40219.1
Project("{FAE04EC0-301F-11D3-BF4B-00C04F79EFBC}") = "DomainModel.SuperTypes", "Source\DomainModel.SuperTypes\DomainModel.SuperTypes.csproj", "{82AB72F9-6ABA-486E-8B01-007C6170CA20}"
EndProject
Project("{FAE04EC0-301F-11D3-BF4B-00C04F79EFBC}") = "Infrastructure.Data.EF.SuperTypes", "Source\Infrastructure.Data.EF.SuperTypes\Infrastructure.Data.EF.SuperTypes.csproj", "{06EFECF3-C652-4FB5-B2D6-A32A1BAF47E4}"
EndProject
Project("{FAE04EC0-301F-11D3-BF4B-00C04F79EFBC}") = "Infrastructure.Data.Tests", "UnitTests\Infrastructure.Data.Tests\Infrastructure.Data.Tests.csproj", "{BD9C2060-D5E6-418A-A9EC-85CC666DF720}"
EndProject
Project("{FAE04EC0-301F-11D3-BF4B-00C04F79EFBC}") = "dcp.DDD.Infrastructure.Data.EFAdapted.SuperTypes", "Source\dcp.DDD.Infrastructure.Data.EFAdapted.SuperTypes\dcp.DDD.Infrastructure.Data.EFAdapted.SuperTypes.csproj", "{79F5AF3A-4649-44D3-97F9-3E005074F8E2}"
EndProject
Global
	GlobalSection(SolutionConfigurationPlatforms) = preSolution
		Debug|Any CPU = Debug|Any CPU
		Release|Any CPU = Release|Any CPU
	EndGlobalSection
	GlobalSection(ProjectConfigurationPlatforms) = postSolution
		{82AB72F9-6ABA-486E-8B01-007C6170CA20}.Debug|Any CPU.ActiveCfg = Debug|Any CPU
		{82AB72F9-6ABA-486E-8B01-007C6170CA20}.Debug|Any CPU.Build.0 = Debug|Any CPU
		{82AB72F9-6ABA-486E-8B01-007C6170CA20}.Release|Any CPU.ActiveCfg = Release|Any CPU
		{82AB72F9-6ABA-486E-8B01-007C6170CA20}.Release|Any CPU.Build.0 = Release|Any CPU
		{06EFECF3-C652-4FB5-B2D6-A32A1BAF47E4}.Debug|Any CPU.ActiveCfg = Debug|Any CPU
		{06EFECF3-C652-4FB5-B2D6-A32A1BAF47E4}.Debug|Any CPU.Build.0 = Debug|Any CPU
		{06EFECF3-C652-4FB5-B2D6-A32A1BAF47E4}.Release|Any CPU.ActiveCfg = Release|Any CPU
		{06EFECF3-C652-4FB5-B2D6-A32A1BAF47E4}.Release|Any CPU.Build.0 = Release|Any CPU
		{BD9C2060-D5E6-418A-A9EC-85CC666DF720}.Debug|Any CPU.ActiveCfg = Debug|Any CPU
		{BD9C2060-D5E6-418A-A9EC-85CC666DF720}.Debug|Any CPU.Build.0 = Debug|Any CPU
		{BD9C2060-D5E6-418A-A9EC-85CC666DF720}.Release|Any CPU.ActiveCfg = Release|Any CPU
		{BD9C2060-D5E6-418A-A9EC-85CC666DF720}.Release|Any CPU.Build.0 = Release|Any CPU
		{79F5AF3A-4649-44D3-97F9-3E005074F8E2}.Debug|Any CPU.ActiveCfg = Debug|Any CPU
		{79F5AF3A-4649-44D3-97F9-3E005074F8E2}.Debug|Any CPU.Build.0 = Debug|Any CPU
		{79F5AF3A-4649-44D3-97F9-3E005074F8E2}.Release|Any CPU.ActiveCfg = Release|Any CPU
		{79F5AF3A-4649-44D3-97F9-3E005074F8E2}.Release|Any CPU.Build.0 = Release|Any CPU
	EndGlobalSection
	GlobalSection(SolutionProperties) = preSolution
		HideSolutionNode = FALSE
	EndGlobalSection
	GlobalSection(ExtensibilityGlobals) = postSolution
		SolutionGuid = {96D05AFD-EF97-41E5-9F72-3F768863BBA7}
	EndGlobalSection
EndGlobal
